
Microsoft Visual Studio Solution File, Format Version 12.00
# Visual Studio Version 17
VisualStudioVersion = 17.5.002.0
MinimumVisualStudioVersion = 10.0.40219.1
Project("{2150E333-8FDC-42A3-9474-1A3956D46DE8}") = "appcode", "appcode", "{32A04164-9347-4157-9067-BB8DD76A3114}"
EndProject
Project("{2150E333-8FDC-42A3-9474-1A3956D46DE8}") = "{{cookiecutter.application_code}", "{{cookiecutter.application_code}", "{48AD628B-BFB9-4E9A-8129-3261420B7CC9}"
EndProject
Project("{2150E333-8FDC-42A3-9474-1A3956D46DE8}") = "src", "src", "{C5ED851A-4F77-48F4-AFB0-D9E3554809EA}"
EndProject
Project("{9A19103F-16F7-4668-BE54-9A1E7A4F7556}") = "{{cookiecutter.app_name}}webapi", "appcode\{{cookiecutter.application_code}}\src\{{cookiecutter.app_name}}weapi\{{cookiecutter.app_name}}webapi.csproj", "{74D80C80-22FA-4872-B7C4-5414EA781740}"
EndProject
Global
	GlobalSection(SolutionConfigurationPlatforms) = preSolution
		Debug|Any CPU = Debug|Any CPU
		Release|Any CPU = Release|Any CPU
	EndGlobalSection
	GlobalSection(ProjectConfigurationPlatforms) = postSolution
		{74D80C80-22FA-4872-B7C4-5414EA781740}.Debug|Any CPU.ActiveCfg = Debug|Any CPU
		{74D80C80-22FA-4872-B7C4-5414EA781740}.Debug|Any CPU.Build.0 = Debug|Any CPU
		{74D80C80-22FA-4872-B7C4-5414EA781740}.Release|Any CPU.ActiveCfg = Release|Any CPU
		{74D80C80-22FA-4872-B7C4-5414EA781740}.Release|Any CPU.Build.0 = Release|Any CPU
	EndGlobalSection
	GlobalSection(SolutionProperties) = preSolution
		HideSolutionNode = FALSE
	EndGlobalSection
	GlobalSection(NestedProjects) = preSolution
		{48AD628B-BFB9-4E9A-8129-3261420B7CC9} = {32A04164-9347-4157-9067-BB8DD76A3114}
		{C5ED851A-4F77-48F4-AFB0-D9E3554809EA} = {48AD628B-BFB9-4E9A-8129-3261420B7CC9}
		{74D80C80-22FA-4872-B7C4-5414EA781740} = {C5ED851A-4F77-48F4-AFB0-D9E3554809EA}
	EndGlobalSection
	GlobalSection(ExtensibilityGlobals) = postSolution
		SolutionGuid = {F29EC072-5C8B-4DAB-AE07-A2CE25EBCBD6}
	EndGlobalSection
EndGlobal
