
Microsoft Visual Studio Solution File, Format Version 12.00
# Visual Studio Version 17
VisualStudioVersion = 17.5.002.0
MinimumVisualStudioVersion = 10.0.40219.1
Project("{2150E333-8FDC-42A3-9474-1A3956D46DE8}") = "appcode", "appcode", "{2C91D0CA-650D-4F65-897A-F711FB2506CD}"
EndProject
Project("{2150E333-8FDC-42A3-9474-1A3956D46DE8}") = "{{cookiecutter.application_code}}", "{{cookiecutter.application_code}}", "{EAF5CB43-2372-49A7-88AF-8F73EC16550E}"
EndProject
Project("{2150E333-8FDC-42A3-9474-1A3956D46DE8}") = "src", "src", "{6187C620-3F1F-4E49-A4A9-09822AC5A3AD}"
EndProject
Project("{9A19103F-16F7-4668-BE54-9A1E7A4F7556}") = "{{cookiecutter.app_name}}webapi", "appcode\{{cookiecutter.application_code}}\src\{{cookiecutter.app_name}}weapi\{{cookiecutter.app_name}}webapi.csproj", "{146A598A-E6FF-4769-B669-A5A5DA151C0E}"
EndProject
Global
	GlobalSection(SolutionConfigurationPlatforms) = preSolution
		Debug|Any CPU = Debug|Any CPU
		Release|Any CPU = Release|Any CPU
	EndGlobalSection
	GlobalSection(ProjectConfigurationPlatforms) = postSolution
		{146A598A-E6FF-4769-B669-A5A5DA151C0E}.Debug|Any CPU.ActiveCfg = Debug|Any CPU
		{146A598A-E6FF-4769-B669-A5A5DA151C0E}.Debug|Any CPU.Build.0 = Debug|Any CPU
		{146A598A-E6FF-4769-B669-A5A5DA151C0E}.Release|Any CPU.ActiveCfg = Release|Any CPU
		{146A598A-E6FF-4769-B669-A5A5DA151C0E}.Release|Any CPU.Build.0 = Release|Any CPU
	EndGlobalSection
	GlobalSection(SolutionProperties) = preSolution
		HideSolutionNode = FALSE
	EndGlobalSection
	GlobalSection(NestedProjects) = preSolution
		{EAF5CB43-2372-49A7-88AF-8F73EC16550E} = {2C91D0CA-650D-4F65-897A-F711FB2506CD}
		{6187C620-3F1F-4E49-A4A9-09822AC5A3AD} = {EAF5CB43-2372-49A7-88AF-8F73EC16550E}
		{146A598A-E6FF-4769-B669-A5A5DA151C0E} = {6187C620-3F1F-4E49-A4A9-09822AC5A3AD}
	EndGlobalSection
	GlobalSection(ExtensibilityGlobals) = postSolution
		SolutionGuid = {8565E02E-55FF-4007-90AF-17A2BDB0A101}
	EndGlobalSection
EndGlobal
